
Microsoft Visual Studio Solution File, Format Version 12.00
# Visual Studio Version 16
VisualStudioVersion = 16.0.810.16
MinimumVisualStudioVersion = 10.0.40219.1
Project("{FAE04EC0-301F-11D3-BF4B-00C04F79EFBC}") = "BowlerContacts", "BowlerContacts.csproj", "{16775929-9EA6-4376-941B-BF9114DFC00D}"
EndProject
Global
	GlobalSection(SolutionConfigurationPlatforms) = preSolution
		Debug|Any CPU = Debug|Any CPU
		Release|Any CPU = Release|Any CPU
	EndGlobalSection
	GlobalSection(ProjectConfigurationPlatforms) = postSolution
		{16775929-9EA6-4376-941B-BF9114DFC00D}.Debug|Any CPU.ActiveCfg = Debug|Any CPU
		{16775929-9EA6-4376-941B-BF9114DFC00D}.Debug|Any CPU.Build.0 = Debug|Any CPU
		{16775929-9EA6-4376-941B-BF9114DFC00D}.Release|Any CPU.ActiveCfg = Release|Any CPU
		{16775929-9EA6-4376-941B-BF9114DFC00D}.Release|Any CPU.Build.0 = Release|Any CPU
	EndGlobalSection
	GlobalSection(SolutionProperties) = preSolution
		HideSolutionNode = FALSE
	EndGlobalSection
	GlobalSection(ExtensibilityGlobals) = postSolution
		SolutionGuid = {59E4A4E1-6B35-4188-AD43-8E772191EDD7}
	EndGlobalSection
EndGlobal
